
Microsoft Visual Studio Solution File, Format Version 12.00
# Visual Studio Version 17
VisualStudioVersion = 17.3.32825.248
MinimumVisualStudioVersion = 10.0.40219.1
Project("{9A19103F-16F7-4668-BE54-9A1E7A4F7556}") = "FixtureLog", "ToolWarehouse\FixtureLog.csproj", "{5874B97C-A6D4-4999-B523-2964FBB21C8B}"
EndProject
Global
	GlobalSection(SolutionConfigurationPlatforms) = preSolution
		Debug|Any CPU = Debug|Any CPU
		Release|Any CPU = Release|Any CPU
	EndGlobalSection
	GlobalSection(ProjectConfigurationPlatforms) = postSolution
		{5874B97C-A6D4-4999-B523-2964FBB21C8B}.Debug|Any CPU.ActiveCfg = Debug|Any CPU
		{5874B97C-A6D4-4999-B523-2964FBB21C8B}.Debug|Any CPU.Build.0 = Debug|Any CPU
		{5874B97C-A6D4-4999-B523-2964FBB21C8B}.Release|Any CPU.ActiveCfg = Release|Any CPU
		{5874B97C-A6D4-4999-B523-2964FBB21C8B}.Release|Any CPU.Build.0 = Release|Any CPU
	EndGlobalSection
	GlobalSection(SolutionProperties) = preSolution
		HideSolutionNode = FALSE
	EndGlobalSection
	GlobalSection(ExtensibilityGlobals) = postSolution
		SolutionGuid = {3F171040-8FEA-4A79-AFA2-90C942DD3466}
	EndGlobalSection
EndGlobal
